
Microsoft Visual Studio Solution File, Format Version 12.00
# Visual Studio Version 17
VisualStudioVersion = 17.7.34221.43
MinimumVisualStudioVersion = 10.0.40219.1
Project("{9A19103F-16F7-4668-BE54-9A1E7A4F7556}") = "CourseManager", "Assignment2TJ\CourseManager.csproj", "{F9B100C0-467C-4F64-A7F2-75B100B1EAD0}"
EndProject
Global
	GlobalSection(SolutionConfigurationPlatforms) = preSolution
		Debug|Any CPU = Debug|Any CPU
		Release|Any CPU = Release|Any CPU
	EndGlobalSection
	GlobalSection(ProjectConfigurationPlatforms) = postSolution
		{F9B100C0-467C-4F64-A7F2-75B100B1EAD0}.Debug|Any CPU.ActiveCfg = Debug|Any CPU
		{F9B100C0-467C-4F64-A7F2-75B100B1EAD0}.Debug|Any CPU.Build.0 = Debug|Any CPU
		{F9B100C0-467C-4F64-A7F2-75B100B1EAD0}.Release|Any CPU.ActiveCfg = Release|Any CPU
		{F9B100C0-467C-4F64-A7F2-75B100B1EAD0}.Release|Any CPU.Build.0 = Release|Any CPU
	EndGlobalSection
	GlobalSection(SolutionProperties) = preSolution
		HideSolutionNode = FALSE
	EndGlobalSection
	GlobalSection(ExtensibilityGlobals) = postSolution
		SolutionGuid = {ADE821D4-EA59-4B48-920F-BA1E9B8F4862}
	EndGlobalSection
EndGlobal
